
Microsoft Visual Studio Solution File, Format Version 12.00
# Visual Studio Version 16
VisualStudioVersion = 25.0.1706.5
MinimumVisualStudioVersion = 10.0.40219.1
Project("{FAE04EC0-301F-11D3-BF4B-00C04F79EFBC}") = "carRentAPI", "carRentAPI\carRentAPI.csproj", "{BC603D06-9CDC-4A7F-91A6-C0EAF367772E}"
EndProject
Global
	GlobalSection(SolutionConfigurationPlatforms) = preSolution
		Debug|Any CPU = Debug|Any CPU
		Release|Any CPU = Release|Any CPU
	EndGlobalSection
	GlobalSection(ProjectConfigurationPlatforms) = postSolution
		{BC603D06-9CDC-4A7F-91A6-C0EAF367772E}.Debug|Any CPU.ActiveCfg = Debug|Any CPU
		{BC603D06-9CDC-4A7F-91A6-C0EAF367772E}.Debug|Any CPU.Build.0 = Debug|Any CPU
		{BC603D06-9CDC-4A7F-91A6-C0EAF367772E}.Release|Any CPU.ActiveCfg = Release|Any CPU
		{BC603D06-9CDC-4A7F-91A6-C0EAF367772E}.Release|Any CPU.Build.0 = Release|Any CPU
	EndGlobalSection
	GlobalSection(SolutionProperties) = preSolution
		HideSolutionNode = FALSE
	EndGlobalSection
	GlobalSection(ExtensibilityGlobals) = postSolution
		SolutionGuid = {63287C77-E677-4A3B-B5AD-371CF904FF97}
	EndGlobalSection
EndGlobal
